
Microsoft Visual Studio Solution File, Format Version 12.00
# Visual Studio Version 17
VisualStudioVersion = 17.2.32516.85
MinimumVisualStudioVersion = 10.0.40219.1
Project("{9A19103F-16F7-4668-BE54-9A1E7A4F7556}") = "FomodInstaller.Interface", "FomodInstaller.Interface\FomodInstaller.Interface.csproj", "{494C3E44-8A35-46AE-82E5-1C1A7221803B}"
EndProject
Project("{9A19103F-16F7-4668-BE54-9A1E7A4F7556}") = "Utils", "Utils\Utils.csproj", "{5B9AD297-9D49-4593-A795-BDBD309B3313}"
EndProject
Project("{2150E333-8FDC-42A3-9474-1A3956D46DE8}") = "InstallScripting", "InstallScripting", "{3453ABBE-7DA9-4946-ACC0-D55BD4BDB5D4}"
EndProject
Project("{9A19103F-16F7-4668-BE54-9A1E7A4F7556}") = "Scripting", "InstallScripting\Scripting\Scripting.csproj", "{66DC8748-2DC2-4E6E-B645-080E0CFDC831}"
EndProject
Project("{9A19103F-16F7-4668-BE54-9A1E7A4F7556}") = "XmlScript", "InstallScripting\XmlScript\XmlScript.csproj", "{B0F526DB-967B-4A57-9EC9-2E4950E54F26}"
EndProject
Project("{2150E333-8FDC-42A3-9474-1A3956D46DE8}") = "Solution Items", "Solution Items", "{180ECD13-282E-4C32-8502-04BC44BFD60E}"
	ProjectSection(SolutionItems) = preProject
		Directory.Build.Props = Directory.Build.Props
	EndProjectSection
EndProject
Global
	GlobalSection(SolutionConfigurationPlatforms) = preSolution
		Debug|Any CPU = Debug|Any CPU
		Debug|x64 = Debug|x64
		Debug|x86 = Debug|x86
		Release|Any CPU = Release|Any CPU
		Release|x64 = Release|x64
		Release|x86 = Release|x86
	EndGlobalSection
	GlobalSection(ProjectConfigurationPlatforms) = postSolution
		{494C3E44-8A35-46AE-82E5-1C1A7221803B}.Debug|Any CPU.ActiveCfg = Debug|Any CPU
		{494C3E44-8A35-46AE-82E5-1C1A7221803B}.Debug|Any CPU.Build.0 = Debug|Any CPU
		{494C3E44-8A35-46AE-82E5-1C1A7221803B}.Debug|x64.ActiveCfg = Debug|Any CPU
		{494C3E44-8A35-46AE-82E5-1C1A7221803B}.Debug|x64.Build.0 = Debug|Any CPU
		{494C3E44-8A35-46AE-82E5-1C1A7221803B}.Debug|x86.ActiveCfg = Debug|Any CPU
		{494C3E44-8A35-46AE-82E5-1C1A7221803B}.Debug|x86.Build.0 = Debug|Any CPU
		{494C3E44-8A35-46AE-82E5-1C1A7221803B}.Release|Any CPU.ActiveCfg = Release|Any CPU
		{494C3E44-8A35-46AE-82E5-1C1A7221803B}.Release|Any CPU.Build.0 = Release|Any CPU
		{494C3E44-8A35-46AE-82E5-1C1A7221803B}.Release|x64.ActiveCfg = Release|Any CPU
		{494C3E44-8A35-46AE-82E5-1C1A7221803B}.Release|x64.Build.0 = Release|Any CPU
		{494C3E44-8A35-46AE-82E5-1C1A7221803B}.Release|x86.ActiveCfg = Release|Any CPU
		{494C3E44-8A35-46AE-82E5-1C1A7221803B}.Release|x86.Build.0 = Release|Any CPU
		{5B9AD297-9D49-4593-A795-BDBD309B3313}.Debug|Any CPU.ActiveCfg = Debug|Any CPU
		{5B9AD297-9D49-4593-A795-BDBD309B3313}.Debug|Any CPU.Build.0 = Debug|Any CPU
		{5B9AD297-9D49-4593-A795-BDBD309B3313}.Debug|x64.ActiveCfg = Debug|Any CPU
		{5B9AD297-9D49-4593-A795-BDBD309B3313}.Debug|x64.Build.0 = Debug|Any CPU
		{5B9AD297-9D49-4593-A795-BDBD309B3313}.Debug|x86.ActiveCfg = Debug|Any CPU
		{5B9AD297-9D49-4593-A795-BDBD309B3313}.Debug|x86.Build.0 = Debug|Any CPU
		{5B9AD297-9D49-4593-A795-BDBD309B3313}.Release|Any CPU.ActiveCfg = Release|Any CPU
		{5B9AD297-9D49-4593-A795-BDBD309B3313}.Release|Any CPU.Build.0 = Release|Any CPU
		{5B9AD297-9D49-4593-A795-BDBD309B3313}.Release|x64.ActiveCfg = Release|Any CPU
		{5B9AD297-9D49-4593-A795-BDBD309B3313}.Release|x64.Build.0 = Release|Any CPU
		{5B9AD297-9D49-4593-A795-BDBD309B3313}.Release|x86.ActiveCfg = Release|Any CPU
		{5B9AD297-9D49-4593-A795-BDBD309B3313}.Release|x86.Build.0 = Release|Any CPU
		{66DC8748-2DC2-4E6E-B645-080E0CFDC831}.Debug|Any CPU.ActiveCfg = Debug|Any CPU
		{66DC8748-2DC2-4E6E-B645-080E0CFDC831}.Debug|Any CPU.Build.0 = Debug|Any CPU
		{66DC8748-2DC2-4E6E-B645-080E0CFDC831}.Debug|x64.ActiveCfg = Debug|Any CPU
		{66DC8748-2DC2-4E6E-B645-080E0CFDC831}.Debug|x64.Build.0 = Debug|Any CPU
		{66DC8748-2DC2-4E6E-B645-080E0CFDC831}.Debug|x86.ActiveCfg = Debug|Any CPU
		{66DC8748-2DC2-4E6E-B645-080E0CFDC831}.Debug|x86.Build.0 = Debug|Any CPU
		{66DC8748-2DC2-4E6E-B645-080E0CFDC831}.Release|Any CPU.ActiveCfg = Release|Any CPU
		{66DC8748-2DC2-4E6E-B645-080E0CFDC831}.Release|Any CPU.Build.0 = Release|Any CPU
		{66DC8748-2DC2-4E6E-B645-080E0CFDC831}.Release|x64.ActiveCfg = Release|Any CPU
		{66DC8748-2DC2-4E6E-B645-080E0CFDC831}.Release|x64.Build.0 = Release|Any CPU
		{66DC8748-2DC2-4E6E-B645-080E0CFDC831}.Release|x86.ActiveCfg = Release|Any CPU
		{66DC8748-2DC2-4E6E-B645-080E0CFDC831}.Release|x86.Build.0 = Release|Any CPU
		{B0F526DB-967B-4A57-9EC9-2E4950E54F26}.Debug|Any CPU.ActiveCfg = Debug|Any CPU
		{B0F526DB-967B-4A57-9EC9-2E4950E54F26}.Debug|Any CPU.Build.0 = Debug|Any CPU
		{B0F526DB-967B-4A57-9EC9-2E4950E54F26}.Debug|x64.ActiveCfg = Debug|Any CPU
		{B0F526DB-967B-4A57-9EC9-2E4950E54F26}.Debug|x64.Build.0 = Debug|Any CPU
		{B0F526DB-967B-4A57-9EC9-2E4950E54F26}.Debug|x86.ActiveCfg = Debug|Any CPU
		{B0F526DB-967B-4A57-9EC9-2E4950E54F26}.Debug|x86.Build.0 = Debug|Any CPU
		{B0F526DB-967B-4A57-9EC9-2E4950E54F26}.Release|Any CPU.ActiveCfg = Release|Any CPU
		{B0F526DB-967B-4A57-9EC9-2E4950E54F26}.Release|Any CPU.Build.0 = Release|Any CPU
		{B0F526DB-967B-4A57-9EC9-2E4950E54F26}.Release|x64.ActiveCfg = Release|Any CPU
		{B0F526DB-967B-4A57-9EC9-2E4950E54F26}.Release|x64.Build.0 = Release|Any CPU
		{B0F526DB-967B-4A57-9EC9-2E4950E54F26}.Release|x86.ActiveCfg = Release|Any CPU
		{B0F526DB-967B-4A57-9EC9-2E4950E54F26}.Release|x86.Build.0 = Release|Any CPU
	EndGlobalSection
	GlobalSection(SolutionProperties) = preSolution
		HideSolutionNode = FALSE
	EndGlobalSection
	GlobalSection(NestedProjects) = preSolution
		{66DC8748-2DC2-4E6E-B645-080E0CFDC831} = {3453ABBE-7DA9-4946-ACC0-D55BD4BDB5D4}
		{B0F526DB-967B-4A57-9EC9-2E4950E54F26} = {3453ABBE-7DA9-4946-ACC0-D55BD4BDB5D4}
	EndGlobalSection
	GlobalSection(ExtensibilityGlobals) = postSolution
		SolutionGuid = {142F46E0-2EF4-422A-9480-E896E3B20F36}
	EndGlobalSection
EndGlobal
