
Microsoft Visual Studio Solution File, Format Version 12.00
# Visual Studio Version 17
VisualStudioVersion = 17.2.32516.85
MinimumVisualStudioVersion = 10.0.40219.1
Project("{9A19103F-16F7-4668-BE54-9A1E7A4F7556}") = "ModInstaller.Adaptor.Dynamic", "ModInstaller.Adaptor.Dynamic\ModInstaller.Adaptor.Dynamic.csproj", "{B7659B4B-F4EF-468A-9D97-3FA2822243D8}"
EndProject
Project("{9A19103F-16F7-4668-BE54-9A1E7A4F7556}") = "FomodInstaller.Interface", "FomodInstaller.Interface\FomodInstaller.Interface.csproj", "{494C3E44-8A35-46AE-82E5-1C1A7221803B}"
EndProject
Project("{9A19103F-16F7-4668-BE54-9A1E7A4F7556}") = "Utils", "Utils\Utils.csproj", "{5B9AD297-9D49-4593-A795-BDBD309B3313}"
EndProject
Project("{2150E333-8FDC-42A3-9474-1A3956D46DE8}") = "InstallScripting", "InstallScripting", "{3453ABBE-7DA9-4946-ACC0-D55BD4BDB5D4}"
EndProject
Project("{9A19103F-16F7-4668-BE54-9A1E7A4F7556}") = "Scripting", "InstallScripting\Scripting\Scripting.csproj", "{66DC8748-2DC2-4E6E-B645-080E0CFDC831}"
EndProject
Project("{9A19103F-16F7-4668-BE54-9A1E7A4F7556}") = "XmlScript", "InstallScripting\XmlScript\XmlScript.csproj", "{B0F526DB-967B-4A57-9EC9-2E4950E54F26}"
EndProject
Project("{9A19103F-16F7-4668-BE54-9A1E7A4F7556}") = "CSharpScript", "InstallScripting\CSharpScript\CSharpScript.csproj", "{6C3901C6-BFCA-47FC-929B-0CD030325FBD}"
EndProject
Project("{9A19103F-16F7-4668-BE54-9A1E7A4F7556}") = "ModInstaller.Adaptor.Dynamic.TestsOld", "ModInstaller.Adaptor.Dynamic.TestsOld\ModInstaller.Adaptor.Dynamic.TestsOld.csproj", "{493549E4-5E9A-4F4B-8421-983DF255F02E}"
EndProject
Project("{9A19103F-16F7-4668-BE54-9A1E7A4F7556}") = "Utils.Tests", "Utils.Tests\Utils.Tests.csproj", "{DECB195F-A137-4545-AFB9-CFF6CCE00F6D}"
EndProject
Project("{9A19103F-16F7-4668-BE54-9A1E7A4F7556}") = "AntlrUtil", "AntlrUtil\AntlrUtil.csproj", "{8B2AD10B-4E22-4559-A784-648179225ADC}"
EndProject
Project("{9A19103F-16F7-4668-BE54-9A1E7A4F7556}") = "ModInstallerIPC", "ModInstallerIPC\ModInstallerIPC.csproj", "{9BE95551-D82A-420C-A516-0792CF5577C7}"
EndProject
Project("{FAE04EC0-301F-11D3-BF4B-00C04F79EFBC}") = "ModInstaller.Native", "ModInstaller.Native\ModInstaller.Native.csproj", "{A10B882B-CEE2-4C70-BCBE-C9D7F95434C9}"
EndProject
Project("{FAE04EC0-301F-11D3-BF4B-00C04F79EFBC}") = "ModInstaller.Adaptor.Typed", "ModInstaller.Adaptor.Typed\ModInstaller.Adaptor.Typed.csproj", "{8D3BE7E5-826E-43F1-90B8-CCE6EC044889}"
EndProject
Project("{FAE04EC0-301F-11D3-BF4B-00C04F79EFBC}") = "ModInstaller.Adaptor.Typed.Tests", "ModInstaller.Adaptor.Typed.Tests\ModInstaller.Adaptor.Typed.Tests.csproj", "{CDAEBF89-CCC9-43CA-AEDF-9D3554DF1410}"
EndProject
Project("{FAE04EC0-301F-11D3-BF4B-00C04F79EFBC}") = "ModInstaller.Native.Tests", "ModInstaller.Native.Tests\ModInstaller.Native.Tests.csproj", "{91B00765-AE51-4141-956F-09E0F9E08E8D}"
EndProject
Project("{FAE04EC0-301F-11D3-BF4B-00C04F79EFBC}") = "TestData", "TestData\TestData.csproj", "{2E6CE4AC-D2A9-4258-9E08-728525A97C5B}"
EndProject
Project("{FAE04EC0-301F-11D3-BF4B-00C04F79EFBC}") = "ModInstaller.Adaptor.Dynamic.Tests", "ModInstaller.Adaptor.Dynamic.Tests\ModInstaller.Adaptor.Dynamic.Tests.csproj", "{6C1E97C4-7B3E-47FF-8894-D26601320C2B}"
EndProject
Project("{2150E333-8FDC-42A3-9474-1A3956D46DE8}") = "src", "src", "{FE91A891-457A-4D4C-BC9E-B2913EEDF70F}"
EndProject
Project("{2150E333-8FDC-42A3-9474-1A3956D46DE8}") = "test", "test", "{B3B75719-9775-411B-A30D-D985DCE4956E}"
EndProject
Project("{FAE04EC0-301F-11D3-BF4B-00C04F79EFBC}") = "ModInstallerIPC.Tests", "ModInstallerIPC.Tests\ModInstallerIPC.Tests.csproj", "{4FC16E52-1961-4441-BF79-84847987D696}"
EndProject
Global
	GlobalSection(SolutionConfigurationPlatforms) = preSolution
		Debug|Any CPU = Debug|Any CPU
		Debug|x64 = Debug|x64
		Debug|x86 = Debug|x86
		Release|Any CPU = Release|Any CPU
		Release|x64 = Release|x64
		Release|x86 = Release|x86
	EndGlobalSection
	GlobalSection(ProjectConfigurationPlatforms) = postSolution
		{B7659B4B-F4EF-468A-9D97-3FA2822243D8}.Debug|Any CPU.ActiveCfg = Debug|Any CPU
		{B7659B4B-F4EF-468A-9D97-3FA2822243D8}.Debug|Any CPU.Build.0 = Debug|Any CPU
		{B7659B4B-F4EF-468A-9D97-3FA2822243D8}.Debug|x64.ActiveCfg = Debug|Any CPU
		{B7659B4B-F4EF-468A-9D97-3FA2822243D8}.Debug|x64.Build.0 = Debug|Any CPU
		{B7659B4B-F4EF-468A-9D97-3FA2822243D8}.Debug|x86.ActiveCfg = Debug|Any CPU
		{B7659B4B-F4EF-468A-9D97-3FA2822243D8}.Debug|x86.Build.0 = Debug|Any CPU
		{B7659B4B-F4EF-468A-9D97-3FA2822243D8}.Release|Any CPU.ActiveCfg = Release|Any CPU
		{B7659B4B-F4EF-468A-9D97-3FA2822243D8}.Release|Any CPU.Build.0 = Release|Any CPU
		{B7659B4B-F4EF-468A-9D97-3FA2822243D8}.Release|x64.ActiveCfg = Release|Any CPU
		{B7659B4B-F4EF-468A-9D97-3FA2822243D8}.Release|x64.Build.0 = Release|Any CPU
		{B7659B4B-F4EF-468A-9D97-3FA2822243D8}.Release|x86.ActiveCfg = Release|Any CPU
		{B7659B4B-F4EF-468A-9D97-3FA2822243D8}.Release|x86.Build.0 = Release|Any CPU
		{494C3E44-8A35-46AE-82E5-1C1A7221803B}.Debug|Any CPU.ActiveCfg = Debug|Any CPU
		{494C3E44-8A35-46AE-82E5-1C1A7221803B}.Debug|Any CPU.Build.0 = Debug|Any CPU
		{494C3E44-8A35-46AE-82E5-1C1A7221803B}.Debug|x64.ActiveCfg = Debug|Any CPU
		{494C3E44-8A35-46AE-82E5-1C1A7221803B}.Debug|x64.Build.0 = Debug|Any CPU
		{494C3E44-8A35-46AE-82E5-1C1A7221803B}.Debug|x86.ActiveCfg = Debug|Any CPU
		{494C3E44-8A35-46AE-82E5-1C1A7221803B}.Debug|x86.Build.0 = Debug|Any CPU
		{494C3E44-8A35-46AE-82E5-1C1A7221803B}.Release|Any CPU.ActiveCfg = Release|Any CPU
		{494C3E44-8A35-46AE-82E5-1C1A7221803B}.Release|Any CPU.Build.0 = Release|Any CPU
		{494C3E44-8A35-46AE-82E5-1C1A7221803B}.Release|x64.ActiveCfg = Release|Any CPU
		{494C3E44-8A35-46AE-82E5-1C1A7221803B}.Release|x64.Build.0 = Release|Any CPU
		{494C3E44-8A35-46AE-82E5-1C1A7221803B}.Release|x86.ActiveCfg = Release|Any CPU
		{494C3E44-8A35-46AE-82E5-1C1A7221803B}.Release|x86.Build.0 = Release|Any CPU
		{5B9AD297-9D49-4593-A795-BDBD309B3313}.Debug|Any CPU.ActiveCfg = Debug|Any CPU
		{5B9AD297-9D49-4593-A795-BDBD309B3313}.Debug|Any CPU.Build.0 = Debug|Any CPU
		{5B9AD297-9D49-4593-A795-BDBD309B3313}.Debug|x64.ActiveCfg = Debug|Any CPU
		{5B9AD297-9D49-4593-A795-BDBD309B3313}.Debug|x64.Build.0 = Debug|Any CPU
		{5B9AD297-9D49-4593-A795-BDBD309B3313}.Debug|x86.ActiveCfg = Debug|Any CPU
		{5B9AD297-9D49-4593-A795-BDBD309B3313}.Debug|x86.Build.0 = Debug|Any CPU
		{5B9AD297-9D49-4593-A795-BDBD309B3313}.Release|Any CPU.ActiveCfg = Release|Any CPU
		{5B9AD297-9D49-4593-A795-BDBD309B3313}.Release|Any CPU.Build.0 = Release|Any CPU
		{5B9AD297-9D49-4593-A795-BDBD309B3313}.Release|x64.ActiveCfg = Release|Any CPU
		{5B9AD297-9D49-4593-A795-BDBD309B3313}.Release|x64.Build.0 = Release|Any CPU
		{5B9AD297-9D49-4593-A795-BDBD309B3313}.Release|x86.ActiveCfg = Release|Any CPU
		{5B9AD297-9D49-4593-A795-BDBD309B3313}.Release|x86.Build.0 = Release|Any CPU
		{66DC8748-2DC2-4E6E-B645-080E0CFDC831}.Debug|Any CPU.ActiveCfg = Debug|Any CPU
		{66DC8748-2DC2-4E6E-B645-080E0CFDC831}.Debug|Any CPU.Build.0 = Debug|Any CPU
		{66DC8748-2DC2-4E6E-B645-080E0CFDC831}.Debug|x64.ActiveCfg = Debug|Any CPU
		{66DC8748-2DC2-4E6E-B645-080E0CFDC831}.Debug|x64.Build.0 = Debug|Any CPU
		{66DC8748-2DC2-4E6E-B645-080E0CFDC831}.Debug|x86.ActiveCfg = Debug|Any CPU
		{66DC8748-2DC2-4E6E-B645-080E0CFDC831}.Debug|x86.Build.0 = Debug|Any CPU
		{66DC8748-2DC2-4E6E-B645-080E0CFDC831}.Release|Any CPU.ActiveCfg = Release|Any CPU
		{66DC8748-2DC2-4E6E-B645-080E0CFDC831}.Release|Any CPU.Build.0 = Release|Any CPU
		{66DC8748-2DC2-4E6E-B645-080E0CFDC831}.Release|x64.ActiveCfg = Release|Any CPU
		{66DC8748-2DC2-4E6E-B645-080E0CFDC831}.Release|x64.Build.0 = Release|Any CPU
		{66DC8748-2DC2-4E6E-B645-080E0CFDC831}.Release|x86.ActiveCfg = Release|Any CPU
		{66DC8748-2DC2-4E6E-B645-080E0CFDC831}.Release|x86.Build.0 = Release|Any CPU
		{B0F526DB-967B-4A57-9EC9-2E4950E54F26}.Debug|Any CPU.ActiveCfg = Debug|Any CPU
		{B0F526DB-967B-4A57-9EC9-2E4950E54F26}.Debug|Any CPU.Build.0 = Debug|Any CPU
		{B0F526DB-967B-4A57-9EC9-2E4950E54F26}.Debug|x64.ActiveCfg = Debug|Any CPU
		{B0F526DB-967B-4A57-9EC9-2E4950E54F26}.Debug|x64.Build.0 = Debug|Any CPU
		{B0F526DB-967B-4A57-9EC9-2E4950E54F26}.Debug|x86.ActiveCfg = Debug|Any CPU
		{B0F526DB-967B-4A57-9EC9-2E4950E54F26}.Debug|x86.Build.0 = Debug|Any CPU
		{B0F526DB-967B-4A57-9EC9-2E4950E54F26}.Release|Any CPU.ActiveCfg = Release|Any CPU
		{B0F526DB-967B-4A57-9EC9-2E4950E54F26}.Release|Any CPU.Build.0 = Release|Any CPU
		{B0F526DB-967B-4A57-9EC9-2E4950E54F26}.Release|x64.ActiveCfg = Release|Any CPU
		{B0F526DB-967B-4A57-9EC9-2E4950E54F26}.Release|x64.Build.0 = Release|Any CPU
		{B0F526DB-967B-4A57-9EC9-2E4950E54F26}.Release|x86.ActiveCfg = Release|Any CPU
		{B0F526DB-967B-4A57-9EC9-2E4950E54F26}.Release|x86.Build.0 = Release|Any CPU
		{6C3901C6-BFCA-47FC-929B-0CD030325FBD}.Debug|Any CPU.ActiveCfg = Debug|Any CPU
		{6C3901C6-BFCA-47FC-929B-0CD030325FBD}.Debug|Any CPU.Build.0 = Debug|Any CPU
		{6C3901C6-BFCA-47FC-929B-0CD030325FBD}.Debug|x64.ActiveCfg = Debug|Any CPU
		{6C3901C6-BFCA-47FC-929B-0CD030325FBD}.Debug|x64.Build.0 = Debug|Any CPU
		{6C3901C6-BFCA-47FC-929B-0CD030325FBD}.Debug|x86.ActiveCfg = Debug|Any CPU
		{6C3901C6-BFCA-47FC-929B-0CD030325FBD}.Debug|x86.Build.0 = Debug|Any CPU
		{6C3901C6-BFCA-47FC-929B-0CD030325FBD}.Release|Any CPU.ActiveCfg = Release|Any CPU
		{6C3901C6-BFCA-47FC-929B-0CD030325FBD}.Release|Any CPU.Build.0 = Release|Any CPU
		{6C3901C6-BFCA-47FC-929B-0CD030325FBD}.Release|x64.ActiveCfg = Release|Any CPU
		{6C3901C6-BFCA-47FC-929B-0CD030325FBD}.Release|x64.Build.0 = Release|Any CPU
		{6C3901C6-BFCA-47FC-929B-0CD030325FBD}.Release|x86.ActiveCfg = Release|Any CPU
		{6C3901C6-BFCA-47FC-929B-0CD030325FBD}.Release|x86.Build.0 = Release|Any CPU
		{493549E4-5E9A-4F4B-8421-983DF255F02E}.Debug|Any CPU.ActiveCfg = Debug|Any CPU
		{493549E4-5E9A-4F4B-8421-983DF255F02E}.Debug|Any CPU.Build.0 = Debug|Any CPU
		{493549E4-5E9A-4F4B-8421-983DF255F02E}.Debug|x64.ActiveCfg = Debug|Any CPU
		{493549E4-5E9A-4F4B-8421-983DF255F02E}.Debug|x64.Build.0 = Debug|Any CPU
		{493549E4-5E9A-4F4B-8421-983DF255F02E}.Debug|x86.ActiveCfg = Debug|Any CPU
		{493549E4-5E9A-4F4B-8421-983DF255F02E}.Debug|x86.Build.0 = Debug|Any CPU
		{493549E4-5E9A-4F4B-8421-983DF255F02E}.Release|Any CPU.ActiveCfg = Release|Any CPU
		{493549E4-5E9A-4F4B-8421-983DF255F02E}.Release|Any CPU.Build.0 = Release|Any CPU
		{493549E4-5E9A-4F4B-8421-983DF255F02E}.Release|x64.ActiveCfg = Release|Any CPU
		{493549E4-5E9A-4F4B-8421-983DF255F02E}.Release|x64.Build.0 = Release|Any CPU
		{493549E4-5E9A-4F4B-8421-983DF255F02E}.Release|x86.ActiveCfg = Release|Any CPU
		{493549E4-5E9A-4F4B-8421-983DF255F02E}.Release|x86.Build.0 = Release|Any CPU
		{DECB195F-A137-4545-AFB9-CFF6CCE00F6D}.Debug|Any CPU.ActiveCfg = Debug|Any CPU
		{DECB195F-A137-4545-AFB9-CFF6CCE00F6D}.Debug|Any CPU.Build.0 = Debug|Any CPU
		{DECB195F-A137-4545-AFB9-CFF6CCE00F6D}.Debug|x64.ActiveCfg = Debug|Any CPU
		{DECB195F-A137-4545-AFB9-CFF6CCE00F6D}.Debug|x64.Build.0 = Debug|Any CPU
		{DECB195F-A137-4545-AFB9-CFF6CCE00F6D}.Debug|x86.ActiveCfg = Debug|Any CPU
		{DECB195F-A137-4545-AFB9-CFF6CCE00F6D}.Debug|x86.Build.0 = Debug|Any CPU
		{DECB195F-A137-4545-AFB9-CFF6CCE00F6D}.Release|Any CPU.ActiveCfg = Release|Any CPU
		{DECB195F-A137-4545-AFB9-CFF6CCE00F6D}.Release|Any CPU.Build.0 = Release|Any CPU
		{DECB195F-A137-4545-AFB9-CFF6CCE00F6D}.Release|x64.ActiveCfg = Release|Any CPU
		{DECB195F-A137-4545-AFB9-CFF6CCE00F6D}.Release|x64.Build.0 = Release|Any CPU
		{DECB195F-A137-4545-AFB9-CFF6CCE00F6D}.Release|x86.ActiveCfg = Release|Any CPU
		{DECB195F-A137-4545-AFB9-CFF6CCE00F6D}.Release|x86.Build.0 = Release|Any CPU
		{8B2AD10B-4E22-4559-A784-648179225ADC}.Debug|Any CPU.ActiveCfg = Debug|Any CPU
		{8B2AD10B-4E22-4559-A784-648179225ADC}.Debug|Any CPU.Build.0 = Debug|Any CPU
		{8B2AD10B-4E22-4559-A784-648179225ADC}.Debug|x64.ActiveCfg = Debug|Any CPU
		{8B2AD10B-4E22-4559-A784-648179225ADC}.Debug|x64.Build.0 = Debug|Any CPU
		{8B2AD10B-4E22-4559-A784-648179225ADC}.Debug|x86.ActiveCfg = Debug|Any CPU
		{8B2AD10B-4E22-4559-A784-648179225ADC}.Debug|x86.Build.0 = Debug|Any CPU
		{8B2AD10B-4E22-4559-A784-648179225ADC}.Release|Any CPU.ActiveCfg = Release|Any CPU
		{8B2AD10B-4E22-4559-A784-648179225ADC}.Release|Any CPU.Build.0 = Release|Any CPU
		{8B2AD10B-4E22-4559-A784-648179225ADC}.Release|x64.ActiveCfg = Release|Any CPU
		{8B2AD10B-4E22-4559-A784-648179225ADC}.Release|x64.Build.0 = Release|Any CPU
		{8B2AD10B-4E22-4559-A784-648179225ADC}.Release|x86.ActiveCfg = Release|Any CPU
		{8B2AD10B-4E22-4559-A784-648179225ADC}.Release|x86.Build.0 = Release|Any CPU
		{9BE95551-D82A-420C-A516-0792CF5577C7}.Debug|Any CPU.ActiveCfg = Debug|Any CPU
		{9BE95551-D82A-420C-A516-0792CF5577C7}.Debug|Any CPU.Build.0 = Debug|Any CPU
		{9BE95551-D82A-420C-A516-0792CF5577C7}.Debug|x64.ActiveCfg = Debug|Any CPU
		{9BE95551-D82A-420C-A516-0792CF5577C7}.Debug|x64.Build.0 = Debug|Any CPU
		{9BE95551-D82A-420C-A516-0792CF5577C7}.Debug|x86.ActiveCfg = Debug|Any CPU
		{9BE95551-D82A-420C-A516-0792CF5577C7}.Debug|x86.Build.0 = Debug|Any CPU
		{9BE95551-D82A-420C-A516-0792CF5577C7}.Release|Any CPU.ActiveCfg = Release|Any CPU
		{9BE95551-D82A-420C-A516-0792CF5577C7}.Release|Any CPU.Build.0 = Release|Any CPU
		{9BE95551-D82A-420C-A516-0792CF5577C7}.Release|x64.ActiveCfg = Release|Any CPU
		{9BE95551-D82A-420C-A516-0792CF5577C7}.Release|x64.Build.0 = Release|Any CPU
		{9BE95551-D82A-420C-A516-0792CF5577C7}.Release|x86.ActiveCfg = Release|Any CPU
		{9BE95551-D82A-420C-A516-0792CF5577C7}.Release|x86.Build.0 = Release|Any CPU
		{A10B882B-CEE2-4C70-BCBE-C9D7F95434C9}.Debug|Any CPU.ActiveCfg = Debug|Any CPU
		{A10B882B-CEE2-4C70-BCBE-C9D7F95434C9}.Debug|Any CPU.Build.0 = Debug|Any CPU
		{A10B882B-CEE2-4C70-BCBE-C9D7F95434C9}.Debug|x64.ActiveCfg = Debug|Any CPU
		{A10B882B-CEE2-4C70-BCBE-C9D7F95434C9}.Debug|x64.Build.0 = Debug|Any CPU
		{A10B882B-CEE2-4C70-BCBE-C9D7F95434C9}.Debug|x86.ActiveCfg = Debug|Any CPU
		{A10B882B-CEE2-4C70-BCBE-C9D7F95434C9}.Debug|x86.Build.0 = Debug|Any CPU
		{A10B882B-CEE2-4C70-BCBE-C9D7F95434C9}.Release|Any CPU.ActiveCfg = Release|Any CPU
		{A10B882B-CEE2-4C70-BCBE-C9D7F95434C9}.Release|Any CPU.Build.0 = Release|Any CPU
		{A10B882B-CEE2-4C70-BCBE-C9D7F95434C9}.Release|x64.ActiveCfg = Release|Any CPU
		{A10B882B-CEE2-4C70-BCBE-C9D7F95434C9}.Release|x64.Build.0 = Release|Any CPU
		{A10B882B-CEE2-4C70-BCBE-C9D7F95434C9}.Release|x86.ActiveCfg = Release|Any CPU
		{A10B882B-CEE2-4C70-BCBE-C9D7F95434C9}.Release|x86.Build.0 = Release|Any CPU
		{8D3BE7E5-826E-43F1-90B8-CCE6EC044889}.Debug|Any CPU.ActiveCfg = Debug|Any CPU
		{8D3BE7E5-826E-43F1-90B8-CCE6EC044889}.Debug|Any CPU.Build.0 = Debug|Any CPU
		{8D3BE7E5-826E-43F1-90B8-CCE6EC044889}.Debug|x64.ActiveCfg = Debug|Any CPU
		{8D3BE7E5-826E-43F1-90B8-CCE6EC044889}.Debug|x64.Build.0 = Debug|Any CPU
		{8D3BE7E5-826E-43F1-90B8-CCE6EC044889}.Debug|x86.ActiveCfg = Debug|Any CPU
		{8D3BE7E5-826E-43F1-90B8-CCE6EC044889}.Debug|x86.Build.0 = Debug|Any CPU
		{8D3BE7E5-826E-43F1-90B8-CCE6EC044889}.Release|Any CPU.ActiveCfg = Release|Any CPU
		{8D3BE7E5-826E-43F1-90B8-CCE6EC044889}.Release|Any CPU.Build.0 = Release|Any CPU
		{8D3BE7E5-826E-43F1-90B8-CCE6EC044889}.Release|x64.ActiveCfg = Release|Any CPU
		{8D3BE7E5-826E-43F1-90B8-CCE6EC044889}.Release|x64.Build.0 = Release|Any CPU
		{8D3BE7E5-826E-43F1-90B8-CCE6EC044889}.Release|x86.ActiveCfg = Release|Any CPU
		{8D3BE7E5-826E-43F1-90B8-CCE6EC044889}.Release|x86.Build.0 = Release|Any CPU
		{CDAEBF89-CCC9-43CA-AEDF-9D3554DF1410}.Debug|Any CPU.ActiveCfg = Debug|Any CPU
		{CDAEBF89-CCC9-43CA-AEDF-9D3554DF1410}.Debug|Any CPU.Build.0 = Debug|Any CPU
		{CDAEBF89-CCC9-43CA-AEDF-9D3554DF1410}.Debug|x64.ActiveCfg = Debug|Any CPU
		{CDAEBF89-CCC9-43CA-AEDF-9D3554DF1410}.Debug|x64.Build.0 = Debug|Any CPU
		{CDAEBF89-CCC9-43CA-AEDF-9D3554DF1410}.Debug|x86.ActiveCfg = Debug|Any CPU
		{CDAEBF89-CCC9-43CA-AEDF-9D3554DF1410}.Debug|x86.Build.0 = Debug|Any CPU
		{CDAEBF89-CCC9-43CA-AEDF-9D3554DF1410}.Release|Any CPU.ActiveCfg = Release|Any CPU
		{CDAEBF89-CCC9-43CA-AEDF-9D3554DF1410}.Release|Any CPU.Build.0 = Release|Any CPU
		{CDAEBF89-CCC9-43CA-AEDF-9D3554DF1410}.Release|x64.ActiveCfg = Release|Any CPU
		{CDAEBF89-CCC9-43CA-AEDF-9D3554DF1410}.Release|x64.Build.0 = Release|Any CPU
		{CDAEBF89-CCC9-43CA-AEDF-9D3554DF1410}.Release|x86.ActiveCfg = Release|Any CPU
		{CDAEBF89-CCC9-43CA-AEDF-9D3554DF1410}.Release|x86.Build.0 = Release|Any CPU
		{91B00765-AE51-4141-956F-09E0F9E08E8D}.Debug|Any CPU.ActiveCfg = Debug|Any CPU
		{91B00765-AE51-4141-956F-09E0F9E08E8D}.Debug|Any CPU.Build.0 = Debug|Any CPU
		{91B00765-AE51-4141-956F-09E0F9E08E8D}.Debug|x64.ActiveCfg = Debug|Any CPU
		{91B00765-AE51-4141-956F-09E0F9E08E8D}.Debug|x64.Build.0 = Debug|Any CPU
		{91B00765-AE51-4141-956F-09E0F9E08E8D}.Debug|x86.ActiveCfg = Debug|Any CPU
		{91B00765-AE51-4141-956F-09E0F9E08E8D}.Debug|x86.Build.0 = Debug|Any CPU
		{91B00765-AE51-4141-956F-09E0F9E08E8D}.Release|Any CPU.ActiveCfg = Release|Any CPU
		{91B00765-AE51-4141-956F-09E0F9E08E8D}.Release|Any CPU.Build.0 = Release|Any CPU
		{91B00765-AE51-4141-956F-09E0F9E08E8D}.Release|x64.ActiveCfg = Release|Any CPU
		{91B00765-AE51-4141-956F-09E0F9E08E8D}.Release|x64.Build.0 = Release|Any CPU
		{91B00765-AE51-4141-956F-09E0F9E08E8D}.Release|x86.ActiveCfg = Release|Any CPU
		{91B00765-AE51-4141-956F-09E0F9E08E8D}.Release|x86.Build.0 = Release|Any CPU
		{2E6CE4AC-D2A9-4258-9E08-728525A97C5B}.Debug|Any CPU.ActiveCfg = Debug|Any CPU
		{2E6CE4AC-D2A9-4258-9E08-728525A97C5B}.Debug|Any CPU.Build.0 = Debug|Any CPU
		{2E6CE4AC-D2A9-4258-9E08-728525A97C5B}.Debug|x64.ActiveCfg = Debug|Any CPU
		{2E6CE4AC-D2A9-4258-9E08-728525A97C5B}.Debug|x64.Build.0 = Debug|Any CPU
		{2E6CE4AC-D2A9-4258-9E08-728525A97C5B}.Debug|x86.ActiveCfg = Debug|Any CPU
		{2E6CE4AC-D2A9-4258-9E08-728525A97C5B}.Debug|x86.Build.0 = Debug|Any CPU
		{2E6CE4AC-D2A9-4258-9E08-728525A97C5B}.Release|Any CPU.ActiveCfg = Release|Any CPU
		{2E6CE4AC-D2A9-4258-9E08-728525A97C5B}.Release|Any CPU.Build.0 = Release|Any CPU
		{2E6CE4AC-D2A9-4258-9E08-728525A97C5B}.Release|x64.ActiveCfg = Release|Any CPU
		{2E6CE4AC-D2A9-4258-9E08-728525A97C5B}.Release|x64.Build.0 = Release|Any CPU
		{2E6CE4AC-D2A9-4258-9E08-728525A97C5B}.Release|x86.ActiveCfg = Release|Any CPU
		{2E6CE4AC-D2A9-4258-9E08-728525A97C5B}.Release|x86.Build.0 = Release|Any CPU
		{6C1E97C4-7B3E-47FF-8894-D26601320C2B}.Debug|Any CPU.ActiveCfg = Debug|Any CPU
		{6C1E97C4-7B3E-47FF-8894-D26601320C2B}.Debug|Any CPU.Build.0 = Debug|Any CPU
		{6C1E97C4-7B3E-47FF-8894-D26601320C2B}.Debug|x64.ActiveCfg = Debug|Any CPU
		{6C1E97C4-7B3E-47FF-8894-D26601320C2B}.Debug|x64.Build.0 = Debug|Any CPU
		{6C1E97C4-7B3E-47FF-8894-D26601320C2B}.Debug|x86.ActiveCfg = Debug|Any CPU
		{6C1E97C4-7B3E-47FF-8894-D26601320C2B}.Debug|x86.Build.0 = Debug|Any CPU
		{6C1E97C4-7B3E-47FF-8894-D26601320C2B}.Release|Any CPU.ActiveCfg = Release|Any CPU
		{6C1E97C4-7B3E-47FF-8894-D26601320C2B}.Release|Any CPU.Build.0 = Release|Any CPU
		{6C1E97C4-7B3E-47FF-8894-D26601320C2B}.Release|x64.ActiveCfg = Release|Any CPU
		{6C1E97C4-7B3E-47FF-8894-D26601320C2B}.Release|x64.Build.0 = Release|Any CPU
		{6C1E97C4-7B3E-47FF-8894-D26601320C2B}.Release|x86.ActiveCfg = Release|Any CPU
		{6C1E97C4-7B3E-47FF-8894-D26601320C2B}.Release|x86.Build.0 = Release|Any CPU
		{4FC16E52-1961-4441-BF79-84847987D696}.Debug|Any CPU.ActiveCfg = Debug|Any CPU
		{4FC16E52-1961-4441-BF79-84847987D696}.Debug|Any CPU.Build.0 = Debug|Any CPU
		{4FC16E52-1961-4441-BF79-84847987D696}.Debug|x64.ActiveCfg = Debug|Any CPU
		{4FC16E52-1961-4441-BF79-84847987D696}.Debug|x64.Build.0 = Debug|Any CPU
		{4FC16E52-1961-4441-BF79-84847987D696}.Debug|x86.ActiveCfg = Debug|Any CPU
		{4FC16E52-1961-4441-BF79-84847987D696}.Debug|x86.Build.0 = Debug|Any CPU
		{4FC16E52-1961-4441-BF79-84847987D696}.Release|Any CPU.ActiveCfg = Release|Any CPU
		{4FC16E52-1961-4441-BF79-84847987D696}.Release|Any CPU.Build.0 = Release|Any CPU
		{4FC16E52-1961-4441-BF79-84847987D696}.Release|x64.ActiveCfg = Release|Any CPU
		{4FC16E52-1961-4441-BF79-84847987D696}.Release|x64.Build.0 = Release|Any CPU
		{4FC16E52-1961-4441-BF79-84847987D696}.Release|x86.ActiveCfg = Release|Any CPU
		{4FC16E52-1961-4441-BF79-84847987D696}.Release|x86.Build.0 = Release|Any CPU
	EndGlobalSection
	GlobalSection(SolutionProperties) = preSolution
		HideSolutionNode = FALSE
	EndGlobalSection
	GlobalSection(NestedProjects) = preSolution
		{66DC8748-2DC2-4E6E-B645-080E0CFDC831} = {3453ABBE-7DA9-4946-ACC0-D55BD4BDB5D4}
		{B0F526DB-967B-4A57-9EC9-2E4950E54F26} = {3453ABBE-7DA9-4946-ACC0-D55BD4BDB5D4}
		{6C3901C6-BFCA-47FC-929B-0CD030325FBD} = {3453ABBE-7DA9-4946-ACC0-D55BD4BDB5D4}
		{91B00765-AE51-4141-956F-09E0F9E08E8D} = {B3B75719-9775-411B-A30D-D985DCE4956E}
		{CDAEBF89-CCC9-43CA-AEDF-9D3554DF1410} = {B3B75719-9775-411B-A30D-D985DCE4956E}
		{493549E4-5E9A-4F4B-8421-983DF255F02E} = {B3B75719-9775-411B-A30D-D985DCE4956E}
		{6C1E97C4-7B3E-47FF-8894-D26601320C2B} = {B3B75719-9775-411B-A30D-D985DCE4956E}
		{2E6CE4AC-D2A9-4258-9E08-728525A97C5B} = {B3B75719-9775-411B-A30D-D985DCE4956E}
		{DECB195F-A137-4545-AFB9-CFF6CCE00F6D} = {B3B75719-9775-411B-A30D-D985DCE4956E}
		{8B2AD10B-4E22-4559-A784-648179225ADC} = {FE91A891-457A-4D4C-BC9E-B2913EEDF70F}
		{494C3E44-8A35-46AE-82E5-1C1A7221803B} = {FE91A891-457A-4D4C-BC9E-B2913EEDF70F}
		{B7659B4B-F4EF-468A-9D97-3FA2822243D8} = {FE91A891-457A-4D4C-BC9E-B2913EEDF70F}
		{8D3BE7E5-826E-43F1-90B8-CCE6EC044889} = {FE91A891-457A-4D4C-BC9E-B2913EEDF70F}
		{A10B882B-CEE2-4C70-BCBE-C9D7F95434C9} = {FE91A891-457A-4D4C-BC9E-B2913EEDF70F}
		{9BE95551-D82A-420C-A516-0792CF5577C7} = {FE91A891-457A-4D4C-BC9E-B2913EEDF70F}
		{3453ABBE-7DA9-4946-ACC0-D55BD4BDB5D4} = {FE91A891-457A-4D4C-BC9E-B2913EEDF70F}
		{5B9AD297-9D49-4593-A795-BDBD309B3313} = {FE91A891-457A-4D4C-BC9E-B2913EEDF70F}
		{4FC16E52-1961-4441-BF79-84847987D696} = {B3B75719-9775-411B-A30D-D985DCE4956E}
	EndGlobalSection
	GlobalSection(ExtensibilityGlobals) = postSolution
		SolutionGuid = {142F46E0-2EF4-422A-9480-E896E3B20F36}
	EndGlobalSection
EndGlobal
